
Microsoft Visual Studio Solution File, Format Version 12.00
# Visual Studio Version 17
VisualStudioVersion = 17.3.32922.545
MinimumVisualStudioVersion = 10.0.40219.1
Project("{888888A0-9F3D-457C-B088-3A5042F75D52}") = "PYFunc", "PYFunc\PYFunc.pyproj", "{AC7BC2C8-F3E3-4CBB-8FBE-D45721F812D9}"
EndProject
Project("{888888A0-9F3D-457C-B088-3A5042F75D52}") = "Lambda", "Lambda\Lambda.pyproj", "{5CC8B5A5-6A13-4ABC-ACF9-15978D8A2E89}"
EndProject
Project("{888888A0-9F3D-457C-B088-3A5042F75D52}") = "Exsercises", "Exsercises\Exsercises.pyproj", "{0E4C0552-18B2-42A6-BEC8-3296DDD49A33}"
EndProject
Global
	GlobalSection(SolutionConfigurationPlatforms) = preSolution
		Debug|Any CPU = Debug|Any CPU
		Release|Any CPU = Release|Any CPU
	EndGlobalSection
	GlobalSection(ProjectConfigurationPlatforms) = postSolution
		{AC7BC2C8-F3E3-4CBB-8FBE-D45721F812D9}.Debug|Any CPU.ActiveCfg = Debug|Any CPU
		{AC7BC2C8-F3E3-4CBB-8FBE-D45721F812D9}.Release|Any CPU.ActiveCfg = Release|Any CPU
		{5CC8B5A5-6A13-4ABC-ACF9-15978D8A2E89}.Debug|Any CPU.ActiveCfg = Debug|Any CPU
		{5CC8B5A5-6A13-4ABC-ACF9-15978D8A2E89}.Release|Any CPU.ActiveCfg = Release|Any CPU
		{0E4C0552-18B2-42A6-BEC8-3296DDD49A33}.Debug|Any CPU.ActiveCfg = Debug|Any CPU
		{0E4C0552-18B2-42A6-BEC8-3296DDD49A33}.Release|Any CPU.ActiveCfg = Release|Any CPU
	EndGlobalSection
	GlobalSection(SolutionProperties) = preSolution
		HideSolutionNode = FALSE
	EndGlobalSection
	GlobalSection(ExtensibilityGlobals) = postSolution
		SolutionGuid = {C289EDA5-B056-4359-BBFA-4A22C2CF8324}
	EndGlobalSection
EndGlobal
