
Microsoft Visual Studio Solution File, Format Version 12.00
# Visual Studio Version 17
VisualStudioVersion = 17.3.32922.545
MinimumVisualStudioVersion = 10.0.40219.1
Project("{888888A0-9F3D-457C-B088-3A5042F75D52}") = "3zad", "3zad\3zad.pyproj", "{AB447121-5E12-4C00-93E2-8371EEB1573E}"
EndProject
Global
	GlobalSection(SolutionConfigurationPlatforms) = preSolution
		Debug|Any CPU = Debug|Any CPU
		Release|Any CPU = Release|Any CPU
	EndGlobalSection
	GlobalSection(ProjectConfigurationPlatforms) = postSolution
		{AB447121-5E12-4C00-93E2-8371EEB1573E}.Debug|Any CPU.ActiveCfg = Debug|Any CPU
		{AB447121-5E12-4C00-93E2-8371EEB1573E}.Release|Any CPU.ActiveCfg = Release|Any CPU
	EndGlobalSection
	GlobalSection(SolutionProperties) = preSolution
		HideSolutionNode = FALSE
	EndGlobalSection
	GlobalSection(ExtensibilityGlobals) = postSolution
		SolutionGuid = {BE62767E-90BB-4177-98AC-EC442E9CCEE7}
	EndGlobalSection
EndGlobal
